
Microsoft Visual Studio Solution File, Format Version 12.00
# Visual Studio 15
VisualStudioVersion = 15.0.27130.0
MinimumVisualStudioVersion = 10.0.40219.1
Project("{FAE04EC0-301F-11D3-BF4B-00C04F79EFBC}") = "WindowsFormsApp6", "WindowsFormsApp6\WindowsFormsApp6.csproj", "{3EC84C99-596C-47D1-84BD-ABE6853FA5AF}"
EndProject
Global
	GlobalSection(SolutionConfigurationPlatforms) = preSolution
		Debug|Any CPU = Debug|Any CPU
		Release|Any CPU = Release|Any CPU
	EndGlobalSection
	GlobalSection(ProjectConfigurationPlatforms) = postSolution
		{3EC84C99-596C-47D1-84BD-ABE6853FA5AF}.Debug|Any CPU.ActiveCfg = Debug|Any CPU
		{3EC84C99-596C-47D1-84BD-ABE6853FA5AF}.Debug|Any CPU.Build.0 = Debug|Any CPU
		{3EC84C99-596C-47D1-84BD-ABE6853FA5AF}.Release|Any CPU.ActiveCfg = Release|Any CPU
		{3EC84C99-596C-47D1-84BD-ABE6853FA5AF}.Release|Any CPU.Build.0 = Release|Any CPU
	EndGlobalSection
	GlobalSection(SolutionProperties) = preSolution
		HideSolutionNode = FALSE
	EndGlobalSection
	GlobalSection(ExtensibilityGlobals) = postSolution
		SolutionGuid = {E394BE3D-81B2-4C45-97A0-2B189BC4E0C4}
	EndGlobalSection
EndGlobal
